
Microsoft Visual Studio Solution File, Format Version 12.00
# Visual Studio 2012
Project("{FAE04EC0-301F-11D3-BF4B-00C04F79EFBC}") = "GmailAuto", "GmailAuto\GmailAuto.csproj", "{6DB1FA7D-ADA0-4CF7-A82B-6DD2F0503B7D}"
EndProject
Project("{FAE04EC0-301F-11D3-BF4B-00C04F79EFBC}") = "GmailTests", "GmailTests\GmailTests.csproj", "{7C995BFA-3B52-4791-868C-0DAD2F1886E0}"
EndProject
Global
	GlobalSection(SolutionConfigurationPlatforms) = preSolution
		Debug|Any CPU = Debug|Any CPU
		Release|Any CPU = Release|Any CPU
	EndGlobalSection
	GlobalSection(ProjectConfigurationPlatforms) = postSolution
		{6DB1FA7D-ADA0-4CF7-A82B-6DD2F0503B7D}.Debug|Any CPU.ActiveCfg = Debug|Any CPU
		{6DB1FA7D-ADA0-4CF7-A82B-6DD2F0503B7D}.Debug|Any CPU.Build.0 = Debug|Any CPU
		{6DB1FA7D-ADA0-4CF7-A82B-6DD2F0503B7D}.Release|Any CPU.ActiveCfg = Release|Any CPU
		{6DB1FA7D-ADA0-4CF7-A82B-6DD2F0503B7D}.Release|Any CPU.Build.0 = Release|Any CPU
		{7C995BFA-3B52-4791-868C-0DAD2F1886E0}.Debug|Any CPU.ActiveCfg = Debug|Any CPU
		{7C995BFA-3B52-4791-868C-0DAD2F1886E0}.Debug|Any CPU.Build.0 = Debug|Any CPU
		{7C995BFA-3B52-4791-868C-0DAD2F1886E0}.Release|Any CPU.ActiveCfg = Release|Any CPU
		{7C995BFA-3B52-4791-868C-0DAD2F1886E0}.Release|Any CPU.Build.0 = Release|Any CPU
	EndGlobalSection
	GlobalSection(SolutionProperties) = preSolution
		HideSolutionNode = FALSE
	EndGlobalSection
EndGlobal
